// !$*UTF8*$!
{
	archiveVersion = 1;
	classes = {
	};
	objectVersion = 56;
	objects = {

/* Begin PBXBuildFile section */
		8B8A038029C7CDA900083082 /* GoogleService-Info.plist in Resources */ = {isa = PBXBuildFile; fileRef = 8B8A037F29C7CDA900083082 /* GoogleService-Info.plist */; };
		8B8A038329C7CE6400083082 /* FirebaseAnalytics in Frameworks */ = {isa = PBXBuildFile; productRef = 8B8A038229C7CE6400083082 /* FirebaseAnalytics */; };
		8B8A038529C7CE6400083082 /* FirebaseAnalyticsOnDeviceConversion in Frameworks */ = {isa = PBXBuildFile; productRef = 8B8A038429C7CE6400083082 /* FirebaseAnalyticsOnDeviceConversion */; };
		8B8A038729C7CE6400083082 /* FirebaseAnalyticsSwift in Frameworks */ = {isa = PBXBuildFile; productRef = 8B8A038629C7CE6400083082 /* FirebaseAnalyticsSwift */; };
		8B8A038929C7CE6400083082 /* FirebaseAnalyticsWithoutAdIdSupport in Frameworks */ = {isa = PBXBuildFile; productRef = 8B8A038829C7CE6400083082 /* FirebaseAnalyticsWithoutAdIdSupport */; };
		8B8A038B29C7CE6400083082 /* FirebaseAuth in Frameworks */ = {isa = PBXBuildFile; productRef = 8B8A038A29C7CE6400083082 /* FirebaseAuth */; };
		8B8A038D29C7CE6400083082 /* FirebaseAuthCombine-Community in Frameworks */ = {isa = PBXBuildFile; productRef = 8B8A038C29C7CE6400083082 /* FirebaseAuthCombine-Community */; };
		8B8A038F29C7CE6400083082 /* FirebaseFirestore in Frameworks */ = {isa = PBXBuildFile; productRef = 8B8A038E29C7CE6400083082 /* FirebaseFirestore */; };
		8B8A039129C7CE6400083082 /* FirebaseFirestoreCombine-Community in Frameworks */ = {isa = PBXBuildFile; productRef = 8B8A039029C7CE6400083082 /* FirebaseFirestoreCombine-Community */; };
		8B8A039329C7CE6400083082 /* FirebaseFirestoreSwift in Frameworks */ = {isa = PBXBuildFile; productRef = 8B8A039229C7CE6400083082 /* FirebaseFirestoreSwift */; };
		8B93156429C27449006F4E0A /* SearchTutor.swift in Sources */ = {isa = PBXBuildFile; fileRef = 8B93156329C27449006F4E0A /* SearchTutor.swift */; };
		8B93156629C2B56A006F4E0A /* TutorItem.swift in Sources */ = {isa = PBXBuildFile; fileRef = 8B93156529C2B56A006F4E0A /* TutorItem.swift */; };
		8B93156929C2B800006F4E0A /* TutorModel.swift in Sources */ = {isa = PBXBuildFile; fileRef = 8B93156829C2B800006F4E0A /* TutorModel.swift */; };
		8B93156B29C2C051006F4E0A /* TabView.swift in Sources */ = {isa = PBXBuildFile; fileRef = 8B93156A29C2C051006F4E0A /* TabView.swift */; };
		8BE4120529C25D9B00086372 /* TutorHiveApp.swift in Sources */ = {isa = PBXBuildFile; fileRef = 8BE4120429C25D9B00086372 /* TutorHiveApp.swift */; };
		8BE4120729C25D9B00086372 /* ContentView.swift in Sources */ = {isa = PBXBuildFile; fileRef = 8BE4120629C25D9B00086372 /* ContentView.swift */; };
		8BE4120929C25D9C00086372 /* Assets.xcassets in Resources */ = {isa = PBXBuildFile; fileRef = 8BE4120829C25D9C00086372 /* Assets.xcassets */; };
		8BE4120C29C25D9C00086372 /* Preview Assets.xcassets in Resources */ = {isa = PBXBuildFile; fileRef = 8BE4120B29C25D9C00086372 /* Preview Assets.xcassets */; };
		8BE4121329C262E000086372 /* LoginScreen.swift in Sources */ = {isa = PBXBuildFile; fileRef = 8BE4121229C262E000086372 /* LoginScreen.swift */; };
		8BE4121529C26ADA00086372 /* ForgotPassword.swift in Sources */ = {isa = PBXBuildFile; fileRef = 8BE4121429C26ADA00086372 /* ForgotPassword.swift */; };
		8BE4121729C26D8400086372 /* RegisterScreen.swift in Sources */ = {isa = PBXBuildFile; fileRef = 8BE4121629C26D8400086372 /* RegisterScreen.swift */; };
/* End PBXBuildFile section */

/* Begin PBXFileReference section */
		8B8A037F29C7CDA900083082 /* GoogleService-Info.plist */ = {isa = PBXFileReference; fileEncoding = 4; lastKnownFileType = text.plist.xml; path = "GoogleService-Info.plist"; sourceTree = "<group>"; };
		8B93156329C27449006F4E0A /* SearchTutor.swift */ = {isa = PBXFileReference; lastKnownFileType = sourcecode.swift; path = SearchTutor.swift; sourceTree = "<group>"; };
		8B93156529C2B56A006F4E0A /* TutorItem.swift */ = {isa = PBXFileReference; lastKnownFileType = sourcecode.swift; path = TutorItem.swift; sourceTree = "<group>"; };
		8B93156829C2B800006F4E0A /* TutorModel.swift */ = {isa = PBXFileReference; lastKnownFileType = sourcecode.swift; path = TutorModel.swift; sourceTree = "<group>"; };
		8B93156A29C2C051006F4E0A /* TabView.swift */ = {isa = PBXFileReference; lastKnownFileType = sourcecode.swift; path = TabView.swift; sourceTree = "<group>"; };
		8BE4120129C25D9B00086372 /* TutorHive.app */ = {isa = PBXFileReference; explicitFileType = wrapper.application; includeInIndex = 0; path = TutorHive.app; sourceTree = BUILT_PRODUCTS_DIR; };
		8BE4120429C25D9B00086372 /* TutorHiveApp.swift */ = {isa = PBXFileReference; lastKnownFileType = sourcecode.swift; path = TutorHiveApp.swift; sourceTree = "<group>"; };
		8BE4120629C25D9B00086372 /* ContentView.swift */ = {isa = PBXFileReference; lastKnownFileType = sourcecode.swift; path = ContentView.swift; sourceTree = "<group>"; };
		8BE4120829C25D9C00086372 /* Assets.xcassets */ = {isa = PBXFileReference; lastKnownFileType = folder.assetcatalog; path = Assets.xcassets; sourceTree = "<group>"; };
		8BE4120B29C25D9C00086372 /* Preview Assets.xcassets */ = {isa = PBXFileReference; lastKnownFileType = folder.assetcatalog; path = "Preview Assets.xcassets"; sourceTree = "<group>"; };
		8BE4121229C262E000086372 /* LoginScreen.swift */ = {isa = PBXFileReference; lastKnownFileType = sourcecode.swift; path = LoginScreen.swift; sourceTree = "<group>"; };
		8BE4121429C26ADA00086372 /* ForgotPassword.swift */ = {isa = PBXFileReference; lastKnownFileType = sourcecode.swift; path = ForgotPassword.swift; sourceTree = "<group>"; };
		8BE4121629C26D8400086372 /* RegisterScreen.swift */ = {isa = PBXFileReference; lastKnownFileType = sourcecode.swift; path = RegisterScreen.swift; sourceTree = "<group>"; };
/* End PBXFileReference section */

/* Begin PBXFrameworksBuildPhase section */
		652AB97F29CBEE1700F3BEE3 /* Frameworks */ = {
			isa = PBXFrameworksBuildPhase;
			buildActionMask = 2147483647;
			files = (
				8B8A038729C7CE6400083082 /* FirebaseAnalyticsSwift in Frameworks */,
				8B8A039129C7CE6400083082 /* FirebaseFirestoreCombine-Community in Frameworks */,
				8B8A038D29C7CE6400083082 /* FirebaseAuthCombine-Community in Frameworks */,
				8B8A038B29C7CE6400083082 /* FirebaseAuth in Frameworks */,
				8B8A038329C7CE6400083082 /* FirebaseAnalytics in Frameworks */,
				8B8A038529C7CE6400083082 /* FirebaseAnalyticsOnDeviceConversion in Frameworks */,
				8B8A038929C7CE6400083082 /* FirebaseAnalyticsWithoutAdIdSupport in Frameworks */,
				8B8A038F29C7CE6400083082 /* FirebaseFirestore in Frameworks */,
				8B8A039329C7CE6400083082 /* FirebaseFirestoreSwift in Frameworks */,
			);
			runOnlyForDeploymentPostprocessing = 0;
		};
/* End PBXFrameworksBuildPhase section */

/* Begin PBXGroup section */
		652AB97929CBEE1700F3BEE3 = {
			isa = PBXGroup;
			children = (
				652AB98429CBEE1700F3BEE3 /* TutorHive */,
				652AB98329CBEE1700F3BEE3 /* Products */,
			);
			sourceTree = "<group>";
		};
		652AB98329CBEE1700F3BEE3 /* Products */ = {
			isa = PBXGroup;
			children = (
				652AB98229CBEE1700F3BEE3 /* TutorHive.app */,
			);
			name = Products;
			sourceTree = "<group>";
		};
		652AB98429CBEE1700F3BEE3 /* TutorHive */ = {
			isa = PBXGroup;
			children = (
				652AB99329CBEE2D00F3BEE3 /* Models */,
				652AB98529CBEE1700F3BEE3 /* TutorHiveApp.swift */,
				652AB98729CBEE1700F3BEE3 /* ContentView.swift */,
				652AB98929CBEE1900F3BEE3 /* Assets.xcassets */,
				652AB98B29CBEE1900F3BEE3 /* Preview Content */,
				652AB99429CBEFBE00F3BEE3 /* LoginScreen.swift */,
				652AB99629CBF05400F3BEE3 /* ProfileView.swift */,
				652AB99829CBF09600F3BEE3 /* ContactView.swift */,
				652AB99A29CBF0D200F3BEE3 /* ForgotPassword.swift */,
				652AB99C29CBF10700F3BEE3 /* TutorItem.swift */,
				652AB99E29CBF15300F3BEE3 /* SearchTutor.swift */,
				652AB9A229CBF1DF00F3BEE3 /* RegisterScreen.swift */,
				652AB9A429CBF21700F3BEE3 /* TabView.swift */,
				652AB9A629CC04D100F3BEE3 /* RegisterTutor.swift */,
				652AB9A829CCAF3400F3BEE3 /* Statistics.swift */,
				8B6318A729CE7D1B004CB348 /* TutorDetail.swift */,
			);
			path = TutorHive;
			sourceTree = "<group>";
		};
		652AB98B29CBEE1900F3BEE3 /* Preview Content */ = {
			isa = PBXGroup;
			children = (
				8B93156729C2B7F1006F4E0A /* Model */,
				8BE4121229C262E000086372 /* LoginScreen.swift */,
				8BE4121429C26ADA00086372 /* ForgotPassword.swift */,
				8B93156529C2B56A006F4E0A /* TutorItem.swift */,
				8B93156329C27449006F4E0A /* SearchTutor.swift */,
				8BE4120429C25D9B00086372 /* TutorHiveApp.swift */,
				8B8A037F29C7CDA900083082 /* GoogleService-Info.plist */,
				8BE4120629C25D9B00086372 /* ContentView.swift */,
				8BE4120829C25D9C00086372 /* Assets.xcassets */,
				8BE4120A29C25D9C00086372 /* Preview Content */,
				8BE4121629C26D8400086372 /* RegisterScreen.swift */,
				8B93156A29C2C051006F4E0A /* TabView.swift */,
			);
			path = "Preview Content";
			sourceTree = "<group>";
		};
		652AB99329CBEE2D00F3BEE3 /* Models */ = {
			isa = PBXGroup;
			children = (
				652AB9A029CBF18A00F3BEE3 /* TutorModel.swift */,
			);
			path = Models;
			sourceTree = "<group>";
		};
/* End PBXGroup section */

/* Begin PBXNativeTarget section */
		652AB98129CBEE1700F3BEE3 /* TutorHive */ = {
			isa = PBXNativeTarget;
			buildConfigurationList = 652AB99029CBEE1900F3BEE3 /* Build configuration list for PBXNativeTarget "TutorHive" */;
			buildPhases = (
				652AB97E29CBEE1700F3BEE3 /* Sources */,
				652AB97F29CBEE1700F3BEE3 /* Frameworks */,
				652AB98029CBEE1700F3BEE3 /* Resources */,
			);
			buildRules = (
			);
			dependencies = (
			);
			name = TutorHive;
			packageProductDependencies = (
				8B8A038229C7CE6400083082 /* FirebaseAnalytics */,
				8B8A038429C7CE6400083082 /* FirebaseAnalyticsOnDeviceConversion */,
				8B8A038629C7CE6400083082 /* FirebaseAnalyticsSwift */,
				8B8A038829C7CE6400083082 /* FirebaseAnalyticsWithoutAdIdSupport */,
				8B8A038A29C7CE6400083082 /* FirebaseAuth */,
				8B8A038C29C7CE6400083082 /* FirebaseAuthCombine-Community */,
				8B8A038E29C7CE6400083082 /* FirebaseFirestore */,
				8B8A039029C7CE6400083082 /* FirebaseFirestoreCombine-Community */,
				8B8A039229C7CE6400083082 /* FirebaseFirestoreSwift */,
			);
			productName = TutorHive;
			productReference = 652AB98229CBEE1700F3BEE3 /* TutorHive.app */;
			productType = "com.apple.product-type.application";
		};
/* End PBXNativeTarget section */

/* Begin PBXProject section */
		652AB97A29CBEE1700F3BEE3 /* Project object */ = {
			isa = PBXProject;
			attributes = {
				BuildIndependentTargetsInParallel = 1;
				LastSwiftUpdateCheck = 1400;
				LastUpgradeCheck = 1400;
				TargetAttributes = {
					652AB98129CBEE1700F3BEE3 = {
						CreatedOnToolsVersion = 14.0.1;
					};
				};
			};
			buildConfigurationList = 652AB97D29CBEE1700F3BEE3 /* Build configuration list for PBXProject "TutorHive" */;
			compatibilityVersion = "Xcode 14.0";
			developmentRegion = en;
			hasScannedForEncodings = 0;
			knownRegions = (
				en,
				Base,
			);
			mainGroup = 8BE411F829C25D9B00086372;
			packageReferences = (
				8B8A038129C7CE6400083082 /* XCRemoteSwiftPackageReference "firebase-ios-sdk" */,
			);
			productRefGroup = 8BE4120229C25D9B00086372 /* Products */;
			projectDirPath = "";
			projectRoot = "";
			targets = (
				652AB98129CBEE1700F3BEE3 /* TutorHive */,
			);
		};
/* End PBXProject section */

/* Begin PBXResourcesBuildPhase section */
		652AB98029CBEE1700F3BEE3 /* Resources */ = {
			isa = PBXResourcesBuildPhase;
			buildActionMask = 2147483647;
			files = (
				8BE4120C29C25D9C00086372 /* Preview Assets.xcassets in Resources */,
				8BE4120929C25D9C00086372 /* Assets.xcassets in Resources */,
				8B8A038029C7CDA900083082 /* GoogleService-Info.plist in Resources */,
			);
			runOnlyForDeploymentPostprocessing = 0;
		};
/* End PBXResourcesBuildPhase section */

/* Begin PBXSourcesBuildPhase section */
		652AB97E29CBEE1700F3BEE3 /* Sources */ = {
			isa = PBXSourcesBuildPhase;
			buildActionMask = 2147483647;
			files = (
				652AB9A529CBF21700F3BEE3 /* TabView.swift in Sources */,
				652AB9A729CC04D100F3BEE3 /* RegisterTutor.swift in Sources */,
				652AB9A329CBF1DF00F3BEE3 /* RegisterScreen.swift in Sources */,
				652AB9A129CBF18A00F3BEE3 /* TutorModel.swift in Sources */,
				652AB99F29CBF15300F3BEE3 /* SearchTutor.swift in Sources */,
				652AB9A929CCAF3400F3BEE3 /* Statistics.swift in Sources */,
				652AB99729CBF05400F3BEE3 /* ProfileView.swift in Sources */,
				8B6318A829CE7D1B004CB348 /* TutorDetail.swift in Sources */,
				652AB98829CBEE1700F3BEE3 /* ContentView.swift in Sources */,
				652AB98629CBEE1700F3BEE3 /* TutorHiveApp.swift in Sources */,
				652AB99929CBF09600F3BEE3 /* ContactView.swift in Sources */,
				652AB99529CBEFBE00F3BEE3 /* LoginScreen.swift in Sources */,
				652AB99D29CBF10700F3BEE3 /* TutorItem.swift in Sources */,
				652AB99B29CBF0D200F3BEE3 /* ForgotPassword.swift in Sources */,
			);
			runOnlyForDeploymentPostprocessing = 0;
		};
/* End PBXSourcesBuildPhase section */

/* Begin XCBuildConfiguration section */
		652AB98E29CBEE1900F3BEE3 /* Debug */ = {
			isa = XCBuildConfiguration;
			buildSettings = {
				ALWAYS_SEARCH_USER_PATHS = NO;
				CLANG_ANALYZER_NONNULL = YES;
				CLANG_ANALYZER_NUMBER_OBJECT_CONVERSION = YES_AGGRESSIVE;
				CLANG_CXX_LANGUAGE_STANDARD = "gnu++20";
				CLANG_ENABLE_MODULES = YES;
				CLANG_ENABLE_OBJC_ARC = YES;
				CLANG_ENABLE_OBJC_WEAK = YES;
				CLANG_WARN_BLOCK_CAPTURE_AUTORELEASING = YES;
				CLANG_WARN_BOOL_CONVERSION = YES;
				CLANG_WARN_COMMA = YES;
				CLANG_WARN_CONSTANT_CONVERSION = YES;
				CLANG_WARN_DEPRECATED_OBJC_IMPLEMENTATIONS = YES;
				CLANG_WARN_DIRECT_OBJC_ISA_USAGE = YES_ERROR;
				CLANG_WARN_DOCUMENTATION_COMMENTS = YES;
				CLANG_WARN_EMPTY_BODY = YES;
				CLANG_WARN_ENUM_CONVERSION = YES;
				CLANG_WARN_INFINITE_RECURSION = YES;
				CLANG_WARN_INT_CONVERSION = YES;
				CLANG_WARN_NON_LITERAL_NULL_CONVERSION = YES;
				CLANG_WARN_OBJC_IMPLICIT_RETAIN_SELF = YES;
				CLANG_WARN_OBJC_LITERAL_CONVERSION = YES;
				CLANG_WARN_OBJC_ROOT_CLASS = YES_ERROR;
				CLANG_WARN_QUOTED_INCLUDE_IN_FRAMEWORK_HEADER = YES;
				CLANG_WARN_RANGE_LOOP_ANALYSIS = YES;
				CLANG_WARN_STRICT_PROTOTYPES = YES;
				CLANG_WARN_SUSPICIOUS_MOVE = YES;
				CLANG_WARN_UNGUARDED_AVAILABILITY = YES_AGGRESSIVE;
				CLANG_WARN_UNREACHABLE_CODE = YES;
				CLANG_WARN__DUPLICATE_METHOD_MATCH = YES;
				COPY_PHASE_STRIP = NO;
				DEBUG_INFORMATION_FORMAT = dwarf;
				ENABLE_STRICT_OBJC_MSGSEND = YES;
				ENABLE_TESTABILITY = YES;
				GCC_C_LANGUAGE_STANDARD = gnu11;
				GCC_DYNAMIC_NO_PIC = NO;
				GCC_NO_COMMON_BLOCKS = YES;
				GCC_OPTIMIZATION_LEVEL = 0;
				GCC_PREPROCESSOR_DEFINITIONS = (
					"DEBUG=1",
					"$(inherited)",
				);
				GCC_WARN_64_TO_32_BIT_CONVERSION = YES;
				GCC_WARN_ABOUT_RETURN_TYPE = YES_ERROR;
				GCC_WARN_UNDECLARED_SELECTOR = YES;
				GCC_WARN_UNINITIALIZED_AUTOS = YES_AGGRESSIVE;
				GCC_WARN_UNUSED_FUNCTION = YES;
				GCC_WARN_UNUSED_VARIABLE = YES;
				IPHONEOS_DEPLOYMENT_TARGET = 16.0;
				MTL_ENABLE_DEBUG_INFO = INCLUDE_SOURCE;
				MTL_FAST_MATH = YES;
				ONLY_ACTIVE_ARCH = YES;
				SDKROOT = iphoneos;
				SWIFT_ACTIVE_COMPILATION_CONDITIONS = DEBUG;
				SWIFT_OPTIMIZATION_LEVEL = "-Onone";
			};
			name = Debug;
		};
		652AB98F29CBEE1900F3BEE3 /* Release */ = {
			isa = XCBuildConfiguration;
			buildSettings = {
				ALWAYS_SEARCH_USER_PATHS = NO;
				CLANG_ANALYZER_NONNULL = YES;
				CLANG_ANALYZER_NUMBER_OBJECT_CONVERSION = YES_AGGRESSIVE;
				CLANG_CXX_LANGUAGE_STANDARD = "gnu++20";
				CLANG_ENABLE_MODULES = YES;
				CLANG_ENABLE_OBJC_ARC = YES;
				CLANG_ENABLE_OBJC_WEAK = YES;
				CLANG_WARN_BLOCK_CAPTURE_AUTORELEASING = YES;
				CLANG_WARN_BOOL_CONVERSION = YES;
				CLANG_WARN_COMMA = YES;
				CLANG_WARN_CONSTANT_CONVERSION = YES;
				CLANG_WARN_DEPRECATED_OBJC_IMPLEMENTATIONS = YES;
				CLANG_WARN_DIRECT_OBJC_ISA_USAGE = YES_ERROR;
				CLANG_WARN_DOCUMENTATION_COMMENTS = YES;
				CLANG_WARN_EMPTY_BODY = YES;
				CLANG_WARN_ENUM_CONVERSION = YES;
				CLANG_WARN_INFINITE_RECURSION = YES;
				CLANG_WARN_INT_CONVERSION = YES;
				CLANG_WARN_NON_LITERAL_NULL_CONVERSION = YES;
				CLANG_WARN_OBJC_IMPLICIT_RETAIN_SELF = YES;
				CLANG_WARN_OBJC_LITERAL_CONVERSION = YES;
				CLANG_WARN_OBJC_ROOT_CLASS = YES_ERROR;
				CLANG_WARN_QUOTED_INCLUDE_IN_FRAMEWORK_HEADER = YES;
				CLANG_WARN_RANGE_LOOP_ANALYSIS = YES;
				CLANG_WARN_STRICT_PROTOTYPES = YES;
				CLANG_WARN_SUSPICIOUS_MOVE = YES;
				CLANG_WARN_UNGUARDED_AVAILABILITY = YES_AGGRESSIVE;
				CLANG_WARN_UNREACHABLE_CODE = YES;
				CLANG_WARN__DUPLICATE_METHOD_MATCH = YES;
				COPY_PHASE_STRIP = NO;
				DEBUG_INFORMATION_FORMAT = "dwarf-with-dsym";
				ENABLE_NS_ASSERTIONS = NO;
				ENABLE_STRICT_OBJC_MSGSEND = YES;
				GCC_C_LANGUAGE_STANDARD = gnu11;
				GCC_NO_COMMON_BLOCKS = YES;
				GCC_WARN_64_TO_32_BIT_CONVERSION = YES;
				GCC_WARN_ABOUT_RETURN_TYPE = YES_ERROR;
				GCC_WARN_UNDECLARED_SELECTOR = YES;
				GCC_WARN_UNINITIALIZED_AUTOS = YES_AGGRESSIVE;
				GCC_WARN_UNUSED_FUNCTION = YES;
				GCC_WARN_UNUSED_VARIABLE = YES;
				IPHONEOS_DEPLOYMENT_TARGET = 16.0;
				MTL_ENABLE_DEBUG_INFO = NO;
				MTL_FAST_MATH = YES;
				SDKROOT = iphoneos;
				SWIFT_COMPILATION_MODE = wholemodule;
				SWIFT_OPTIMIZATION_LEVEL = "-O";
				VALIDATE_PRODUCT = YES;
			};
			name = Release;
		};
		652AB99129CBEE1900F3BEE3 /* Debug */ = {
			isa = XCBuildConfiguration;
			buildSettings = {
				ASSETCATALOG_COMPILER_APPICON_NAME = AppIcon;
				ASSETCATALOG_COMPILER_GLOBAL_ACCENT_COLOR_NAME = AccentColor;
				CODE_SIGN_STYLE = Automatic;
				CURRENT_PROJECT_VERSION = 1;
				DEVELOPMENT_ASSET_PATHS = "\"TutorHive/Preview Content\"";
				DEVELOPMENT_TEAM = VDQS4882Z8;
				ENABLE_PREVIEWS = YES;
				GENERATE_INFOPLIST_FILE = YES;
				INFOPLIST_KEY_UIApplicationSceneManifest_Generation = YES;
				INFOPLIST_KEY_UIApplicationSupportsIndirectInputEvents = YES;
				INFOPLIST_KEY_UILaunchScreen_Generation = YES;
				INFOPLIST_KEY_UISupportedInterfaceOrientations_iPad = "UIInterfaceOrientationPortrait UIInterfaceOrientationPortraitUpsideDown UIInterfaceOrientationLandscapeLeft UIInterfaceOrientationLandscapeRight";
				INFOPLIST_KEY_UISupportedInterfaceOrientations_iPhone = "UIInterfaceOrientationPortrait UIInterfaceOrientationLandscapeLeft UIInterfaceOrientationLandscapeRight";
				LD_RUNPATH_SEARCH_PATHS = (
					"$(inherited)",
					"@executable_path/Frameworks",
				);
				MARKETING_VERSION = 1.0;
				PRODUCT_BUNDLE_IDENTIFIER = com.app.TutorHive;
				PRODUCT_NAME = "$(TARGET_NAME)";
				SWIFT_EMIT_LOC_STRINGS = YES;
				SWIFT_VERSION = 5.0;
				TARGETED_DEVICE_FAMILY = "1,2";
			};
			name = Debug;
		};
		652AB99229CBEE1900F3BEE3 /* Release */ = {
			isa = XCBuildConfiguration;
			buildSettings = {
				ASSETCATALOG_COMPILER_APPICON_NAME = AppIcon;
				ASSETCATALOG_COMPILER_GLOBAL_ACCENT_COLOR_NAME = AccentColor;
				CODE_SIGN_STYLE = Automatic;
				CURRENT_PROJECT_VERSION = 1;
				DEVELOPMENT_ASSET_PATHS = "\"TutorHive/Preview Content\"";
				DEVELOPMENT_TEAM = VDQS4882Z8;
				ENABLE_PREVIEWS = YES;
				GENERATE_INFOPLIST_FILE = YES;
				INFOPLIST_KEY_UIApplicationSceneManifest_Generation = YES;
				INFOPLIST_KEY_UIApplicationSupportsIndirectInputEvents = YES;
				INFOPLIST_KEY_UILaunchScreen_Generation = YES;
				INFOPLIST_KEY_UISupportedInterfaceOrientations_iPad = "UIInterfaceOrientationPortrait UIInterfaceOrientationPortraitUpsideDown UIInterfaceOrientationLandscapeLeft UIInterfaceOrientationLandscapeRight";
				INFOPLIST_KEY_UISupportedInterfaceOrientations_iPhone = "UIInterfaceOrientationPortrait UIInterfaceOrientationLandscapeLeft UIInterfaceOrientationLandscapeRight";
				LD_RUNPATH_SEARCH_PATHS = (
					"$(inherited)",
					"@executable_path/Frameworks",
				);
				MARKETING_VERSION = 1.0;
				PRODUCT_BUNDLE_IDENTIFIER = com.app.TutorHive;
				PRODUCT_NAME = "$(TARGET_NAME)";
				SWIFT_EMIT_LOC_STRINGS = YES;
				SWIFT_VERSION = 5.0;
				TARGETED_DEVICE_FAMILY = "1,2";
			};
			name = Release;
		};
/* End XCBuildConfiguration section */

/* Begin XCConfigurationList section */
		652AB97D29CBEE1700F3BEE3 /* Build configuration list for PBXProject "TutorHive" */ = {
			isa = XCConfigurationList;
			buildConfigurations = (
				652AB98E29CBEE1900F3BEE3 /* Debug */,
				652AB98F29CBEE1900F3BEE3 /* Release */,
			);
			defaultConfigurationIsVisible = 0;
			defaultConfigurationName = Release;
		};
		652AB99029CBEE1900F3BEE3 /* Build configuration list for PBXNativeTarget "TutorHive" */ = {
			isa = XCConfigurationList;
			buildConfigurations = (
				652AB99129CBEE1900F3BEE3 /* Debug */,
				652AB99229CBEE1900F3BEE3 /* Release */,
			);
			defaultConfigurationIsVisible = 0;
			defaultConfigurationName = Release;
		};
/* End XCConfigurationList section */

/* Begin XCRemoteSwiftPackageReference section */
		8B8A038129C7CE6400083082 /* XCRemoteSwiftPackageReference "firebase-ios-sdk" */ = {
			isa = XCRemoteSwiftPackageReference;
			repositoryURL = "https://github.com/firebase/firebase-ios-sdk.git";
			requirement = {
				branch = master;
				kind = branch;
			};
		};
/* End XCRemoteSwiftPackageReference section */

/* Begin XCSwiftPackageProductDependency section */
		8B8A038229C7CE6400083082 /* FirebaseAnalytics */ = {
			isa = XCSwiftPackageProductDependency;
			package = 8B8A038129C7CE6400083082 /* XCRemoteSwiftPackageReference "firebase-ios-sdk" */;
			productName = FirebaseAnalytics;
		};
		8B8A038429C7CE6400083082 /* FirebaseAnalyticsOnDeviceConversion */ = {
			isa = XCSwiftPackageProductDependency;
			package = 8B8A038129C7CE6400083082 /* XCRemoteSwiftPackageReference "firebase-ios-sdk" */;
			productName = FirebaseAnalyticsOnDeviceConversion;
		};
		8B8A038629C7CE6400083082 /* FirebaseAnalyticsSwift */ = {
			isa = XCSwiftPackageProductDependency;
			package = 8B8A038129C7CE6400083082 /* XCRemoteSwiftPackageReference "firebase-ios-sdk" */;
			productName = FirebaseAnalyticsSwift;
		};
		8B8A038829C7CE6400083082 /* FirebaseAnalyticsWithoutAdIdSupport */ = {
			isa = XCSwiftPackageProductDependency;
			package = 8B8A038129C7CE6400083082 /* XCRemoteSwiftPackageReference "firebase-ios-sdk" */;
			productName = FirebaseAnalyticsWithoutAdIdSupport;
		};
		8B8A038A29C7CE6400083082 /* FirebaseAuth */ = {
			isa = XCSwiftPackageProductDependency;
			package = 8B8A038129C7CE6400083082 /* XCRemoteSwiftPackageReference "firebase-ios-sdk" */;
			productName = FirebaseAuth;
		};
		8B8A038C29C7CE6400083082 /* FirebaseAuthCombine-Community */ = {
			isa = XCSwiftPackageProductDependency;
			package = 8B8A038129C7CE6400083082 /* XCRemoteSwiftPackageReference "firebase-ios-sdk" */;
			productName = "FirebaseAuthCombine-Community";
		};
		8B8A038E29C7CE6400083082 /* FirebaseFirestore */ = {
			isa = XCSwiftPackageProductDependency;
			package = 8B8A038129C7CE6400083082 /* XCRemoteSwiftPackageReference "firebase-ios-sdk" */;
			productName = FirebaseFirestore;
		};
		8B8A039029C7CE6400083082 /* FirebaseFirestoreCombine-Community */ = {
			isa = XCSwiftPackageProductDependency;
			package = 8B8A038129C7CE6400083082 /* XCRemoteSwiftPackageReference "firebase-ios-sdk" */;
			productName = "FirebaseFirestoreCombine-Community";
		};
		8B8A039229C7CE6400083082 /* FirebaseFirestoreSwift */ = {
			isa = XCSwiftPackageProductDependency;
			package = 8B8A038129C7CE6400083082 /* XCRemoteSwiftPackageReference "firebase-ios-sdk" */;
			productName = FirebaseFirestoreSwift;
		};
/* End XCSwiftPackageProductDependency section */
	};
	rootObject = 652AB97A29CBEE1700F3BEE3 /* Project object */;
}
