// !$*UTF8*$!
{
	archiveVersion = 1;
	classes = {
	};
	objectVersion = 56;
	objects = {

/* Begin PBXBuildFile section */
		3B82EF8A29E83BFA0026715B /* GoogleService-Info.plist in Resources */ = {isa = PBXBuildFile; fileRef = 3B82EF8929E83BFA0026715B /* GoogleService-Info.plist */; };
		3BE87CDC29D89F8D00B9A95F /* AuthenticationModel.swift in Sources */ = {isa = PBXBuildFile; fileRef = 3BE87CDB29D89F8D00B9A95F /* AuthenticationModel.swift */; };
		3BE87CE629E1FD9F00B9A95F /* GoogleSignIn in Frameworks */ = {isa = PBXBuildFile; productRef = 3BE87CE529E1FD9F00B9A95F /* GoogleSignIn */; };
		3BE87CE829E1FD9F00B9A95F /* GoogleSignInSwift in Frameworks */ = {isa = PBXBuildFile; productRef = 3BE87CE729E1FD9F00B9A95F /* GoogleSignInSwift */; };
		6507FCCA29EF356C0009ED96 /* FirebaseAnalytics in Frameworks */ = {isa = PBXBuildFile; productRef = 6507FCC929EF356C0009ED96 /* FirebaseAnalytics */; };
		6507FCCC29EF356C0009ED96 /* FirebaseAnalyticsOnDeviceConversion in Frameworks */ = {isa = PBXBuildFile; productRef = 6507FCCB29EF356C0009ED96 /* FirebaseAnalyticsOnDeviceConversion */; };
		6507FCCE29EF356C0009ED96 /* FirebaseAnalyticsSwift in Frameworks */ = {isa = PBXBuildFile; productRef = 6507FCCD29EF356C0009ED96 /* FirebaseAnalyticsSwift */; };
		6507FCD029EF356C0009ED96 /* FirebaseAnalyticsWithoutAdIdSupport in Frameworks */ = {isa = PBXBuildFile; productRef = 6507FCCF29EF356C0009ED96 /* FirebaseAnalyticsWithoutAdIdSupport */; };
		6507FCD229EF356C0009ED96 /* FirebaseAppCheck in Frameworks */ = {isa = PBXBuildFile; productRef = 6507FCD129EF356C0009ED96 /* FirebaseAppCheck */; };
		6507FCD429EF356C0009ED96 /* FirebaseAppDistribution-Beta in Frameworks */ = {isa = PBXBuildFile; productRef = 6507FCD329EF356C0009ED96 /* FirebaseAppDistribution-Beta */; };
		6507FCD629EF356C0009ED96 /* FirebaseAuth in Frameworks */ = {isa = PBXBuildFile; productRef = 6507FCD529EF356C0009ED96 /* FirebaseAuth */; };
		6507FCD829EF356C0009ED96 /* FirebaseAuthCombine-Community in Frameworks */ = {isa = PBXBuildFile; productRef = 6507FCD729EF356C0009ED96 /* FirebaseAuthCombine-Community */; };
		6507FCDA29EF356C0009ED96 /* FirebaseCrashlytics in Frameworks */ = {isa = PBXBuildFile; productRef = 6507FCD929EF356C0009ED96 /* FirebaseCrashlytics */; };
		6507FCDC29EF356C0009ED96 /* FirebaseDatabase in Frameworks */ = {isa = PBXBuildFile; productRef = 6507FCDB29EF356C0009ED96 /* FirebaseDatabase */; };
		6507FCDE29EF356C0009ED96 /* FirebaseDatabaseSwift in Frameworks */ = {isa = PBXBuildFile; productRef = 6507FCDD29EF356C0009ED96 /* FirebaseDatabaseSwift */; };
		6507FCE029EF356C0009ED96 /* FirebaseDynamicLinks in Frameworks */ = {isa = PBXBuildFile; productRef = 6507FCDF29EF356C0009ED96 /* FirebaseDynamicLinks */; };
		6507FCE229EF356C0009ED96 /* FirebaseFirestore in Frameworks */ = {isa = PBXBuildFile; productRef = 6507FCE129EF356C0009ED96 /* FirebaseFirestore */; };
		6507FCE429EF356C0009ED96 /* FirebaseFirestoreCombine-Community in Frameworks */ = {isa = PBXBuildFile; productRef = 6507FCE329EF356C0009ED96 /* FirebaseFirestoreCombine-Community */; };
		6507FCE629EF356C0009ED96 /* FirebaseFirestoreSwift in Frameworks */ = {isa = PBXBuildFile; productRef = 6507FCE529EF356C0009ED96 /* FirebaseFirestoreSwift */; };
		6507FCE829EF356C0009ED96 /* FirebaseFunctions in Frameworks */ = {isa = PBXBuildFile; productRef = 6507FCE729EF356C0009ED96 /* FirebaseFunctions */; };
		6507FCEA29EF356C0009ED96 /* FirebaseFunctionsCombine-Community in Frameworks */ = {isa = PBXBuildFile; productRef = 6507FCE929EF356C0009ED96 /* FirebaseFunctionsCombine-Community */; };
		6507FCEC29EF356C0009ED96 /* FirebaseInAppMessaging-Beta in Frameworks */ = {isa = PBXBuildFile; productRef = 6507FCEB29EF356C0009ED96 /* FirebaseInAppMessaging-Beta */; };
		6507FCEE29EF356C0009ED96 /* FirebaseInAppMessagingSwift-Beta in Frameworks */ = {isa = PBXBuildFile; productRef = 6507FCED29EF356C0009ED96 /* FirebaseInAppMessagingSwift-Beta */; };
		6507FCF029EF356C0009ED96 /* FirebaseInstallations in Frameworks */ = {isa = PBXBuildFile; productRef = 6507FCEF29EF356C0009ED96 /* FirebaseInstallations */; };
		6507FCF229EF356C0009ED96 /* FirebaseMLModelDownloader in Frameworks */ = {isa = PBXBuildFile; productRef = 6507FCF129EF356C0009ED96 /* FirebaseMLModelDownloader */; };
		6507FCF429EF356C0009ED96 /* FirebaseMessaging in Frameworks */ = {isa = PBXBuildFile; productRef = 6507FCF329EF356C0009ED96 /* FirebaseMessaging */; };
		6507FCF629EF356C0009ED96 /* FirebasePerformance in Frameworks */ = {isa = PBXBuildFile; productRef = 6507FCF529EF356C0009ED96 /* FirebasePerformance */; };
		6507FCF829EF356C0009ED96 /* FirebaseRemoteConfig in Frameworks */ = {isa = PBXBuildFile; productRef = 6507FCF729EF356C0009ED96 /* FirebaseRemoteConfig */; };
		6507FCFA29EF356C0009ED96 /* FirebaseRemoteConfigSwift in Frameworks */ = {isa = PBXBuildFile; productRef = 6507FCF929EF356C0009ED96 /* FirebaseRemoteConfigSwift */; };
		6507FCFC29EF356C0009ED96 /* FirebaseStorage in Frameworks */ = {isa = PBXBuildFile; productRef = 6507FCFB29EF356C0009ED96 /* FirebaseStorage */; };
		6507FCFE29EF356C0009ED96 /* FirebaseStorageCombine-Community in Frameworks */ = {isa = PBXBuildFile; productRef = 6507FCFD29EF356C0009ED96 /* FirebaseStorageCombine-Community */; };
		652AB98629CBEE1700F3BEE3 /* TutorHiveApp.swift in Sources */ = {isa = PBXBuildFile; fileRef = 652AB98529CBEE1700F3BEE3 /* TutorHiveApp.swift */; };
		652AB98829CBEE1700F3BEE3 /* ContentView.swift in Sources */ = {isa = PBXBuildFile; fileRef = 652AB98729CBEE1700F3BEE3 /* ContentView.swift */; };
		652AB98A29CBEE1900F3BEE3 /* Assets.xcassets in Resources */ = {isa = PBXBuildFile; fileRef = 652AB98929CBEE1900F3BEE3 /* Assets.xcassets */; };
		652AB98D29CBEE1900F3BEE3 /* Preview Assets.xcassets in Resources */ = {isa = PBXBuildFile; fileRef = 652AB98C29CBEE1900F3BEE3 /* Preview Assets.xcassets */; };
		652AB99529CBEFBE00F3BEE3 /* LoginScreen.swift in Sources */ = {isa = PBXBuildFile; fileRef = 652AB99429CBEFBE00F3BEE3 /* LoginScreen.swift */; };
		652AB99729CBF05400F3BEE3 /* ProfileView.swift in Sources */ = {isa = PBXBuildFile; fileRef = 652AB99629CBF05400F3BEE3 /* ProfileView.swift */; };
		652AB99929CBF09600F3BEE3 /* ContactView.swift in Sources */ = {isa = PBXBuildFile; fileRef = 652AB99829CBF09600F3BEE3 /* ContactView.swift */; };
		652AB99B29CBF0D200F3BEE3 /* ForgotPassword.swift in Sources */ = {isa = PBXBuildFile; fileRef = 652AB99A29CBF0D200F3BEE3 /* ForgotPassword.swift */; };
		652AB99D29CBF10700F3BEE3 /* TutorItem.swift in Sources */ = {isa = PBXBuildFile; fileRef = 652AB99C29CBF10700F3BEE3 /* TutorItem.swift */; };
		652AB99F29CBF15300F3BEE3 /* SearchTutor.swift in Sources */ = {isa = PBXBuildFile; fileRef = 652AB99E29CBF15300F3BEE3 /* SearchTutor.swift */; };
		652AB9A129CBF18A00F3BEE3 /* TutorModel.swift in Sources */ = {isa = PBXBuildFile; fileRef = 652AB9A029CBF18A00F3BEE3 /* TutorModel.swift */; };
		652AB9A329CBF1DF00F3BEE3 /* RegisterScreen.swift in Sources */ = {isa = PBXBuildFile; fileRef = 652AB9A229CBF1DF00F3BEE3 /* RegisterScreen.swift */; };
		652AB9A529CBF21700F3BEE3 /* TabView.swift in Sources */ = {isa = PBXBuildFile; fileRef = 652AB9A429CBF21700F3BEE3 /* TabView.swift */; };
		652AB9A729CC04D100F3BEE3 /* RegisterTutor.swift in Sources */ = {isa = PBXBuildFile; fileRef = 652AB9A629CC04D100F3BEE3 /* RegisterTutor.swift */; };
		652AB9A929CCAF3400F3BEE3 /* Statistics.swift in Sources */ = {isa = PBXBuildFile; fileRef = 652AB9A829CCAF3400F3BEE3 /* Statistics.swift */; };
		8B2946E029EF135D006CDEB0 /* FetchWelcomeMessage.swift in Sources */ = {isa = PBXBuildFile; fileRef = 8B2946DF29EF135D006CDEB0 /* FetchWelcomeMessage.swift */; };
		8B2946E229EF139F006CDEB0 /* Message.swift in Sources */ = {isa = PBXBuildFile; fileRef = 8B2946E129EF139F006CDEB0 /* Message.swift */; };
		8B6318A829CE7D1B004CB348 /* TutorDetail.swift in Sources */ = {isa = PBXBuildFile; fileRef = 8B6318A729CE7D1B004CB348 /* TutorDetail.swift */; };
/* End PBXBuildFile section */

/* Begin PBXFileReference section */
		3B82EF8929E83BFA0026715B /* GoogleService-Info.plist */ = {isa = PBXFileReference; fileEncoding = 4; lastKnownFileType = text.plist.xml; path = "GoogleService-Info.plist"; sourceTree = "<group>"; };
		3B82EF8C29E83D7C0026715B /* Info.plist */ = {isa = PBXFileReference; lastKnownFileType = text.plist.xml; path = Info.plist; sourceTree = "<group>"; };
		3BE87CDB29D89F8D00B9A95F /* AuthenticationModel.swift */ = {isa = PBXFileReference; lastKnownFileType = sourcecode.swift; path = AuthenticationModel.swift; sourceTree = "<group>"; };
		652AB98229CBEE1700F3BEE3 /* TutorHive.app */ = {isa = PBXFileReference; explicitFileType = wrapper.application; includeInIndex = 0; path = TutorHive.app; sourceTree = BUILT_PRODUCTS_DIR; };
		652AB98529CBEE1700F3BEE3 /* TutorHiveApp.swift */ = {isa = PBXFileReference; lastKnownFileType = sourcecode.swift; path = TutorHiveApp.swift; sourceTree = "<group>"; };
		652AB98729CBEE1700F3BEE3 /* ContentView.swift */ = {isa = PBXFileReference; lastKnownFileType = sourcecode.swift; path = ContentView.swift; sourceTree = "<group>"; };
		652AB98929CBEE1900F3BEE3 /* Assets.xcassets */ = {isa = PBXFileReference; lastKnownFileType = folder.assetcatalog; path = Assets.xcassets; sourceTree = "<group>"; };
		652AB98C29CBEE1900F3BEE3 /* Preview Assets.xcassets */ = {isa = PBXFileReference; lastKnownFileType = folder.assetcatalog; path = "Preview Assets.xcassets"; sourceTree = "<group>"; };
		652AB99429CBEFBE00F3BEE3 /* LoginScreen.swift */ = {isa = PBXFileReference; lastKnownFileType = sourcecode.swift; path = LoginScreen.swift; sourceTree = "<group>"; };
		652AB99629CBF05400F3BEE3 /* ProfileView.swift */ = {isa = PBXFileReference; lastKnownFileType = sourcecode.swift; path = ProfileView.swift; sourceTree = "<group>"; };
		652AB99829CBF09600F3BEE3 /* ContactView.swift */ = {isa = PBXFileReference; lastKnownFileType = sourcecode.swift; path = ContactView.swift; sourceTree = "<group>"; };
		652AB99A29CBF0D200F3BEE3 /* ForgotPassword.swift */ = {isa = PBXFileReference; lastKnownFileType = sourcecode.swift; path = ForgotPassword.swift; sourceTree = "<group>"; };
		652AB99C29CBF10700F3BEE3 /* TutorItem.swift */ = {isa = PBXFileReference; lastKnownFileType = sourcecode.swift; path = TutorItem.swift; sourceTree = "<group>"; };
		652AB99E29CBF15300F3BEE3 /* SearchTutor.swift */ = {isa = PBXFileReference; lastKnownFileType = sourcecode.swift; path = SearchTutor.swift; sourceTree = "<group>"; };
		652AB9A029CBF18A00F3BEE3 /* TutorModel.swift */ = {isa = PBXFileReference; lastKnownFileType = sourcecode.swift; path = TutorModel.swift; sourceTree = "<group>"; };
		652AB9A229CBF1DF00F3BEE3 /* RegisterScreen.swift */ = {isa = PBXFileReference; lastKnownFileType = sourcecode.swift; path = RegisterScreen.swift; sourceTree = "<group>"; };
		652AB9A429CBF21700F3BEE3 /* TabView.swift */ = {isa = PBXFileReference; lastKnownFileType = sourcecode.swift; path = TabView.swift; sourceTree = "<group>"; };
		652AB9A629CC04D100F3BEE3 /* RegisterTutor.swift */ = {isa = PBXFileReference; lastKnownFileType = sourcecode.swift; path = RegisterTutor.swift; sourceTree = "<group>"; };
		652AB9A829CCAF3400F3BEE3 /* Statistics.swift */ = {isa = PBXFileReference; lastKnownFileType = sourcecode.swift; path = Statistics.swift; sourceTree = "<group>"; };
		8B2946DF29EF135D006CDEB0 /* FetchWelcomeMessage.swift */ = {isa = PBXFileReference; lastKnownFileType = sourcecode.swift; path = FetchWelcomeMessage.swift; sourceTree = "<group>"; };
		8B2946E129EF139F006CDEB0 /* Message.swift */ = {isa = PBXFileReference; lastKnownFileType = sourcecode.swift; path = Message.swift; sourceTree = "<group>"; };
		8B6318A729CE7D1B004CB348 /* TutorDetail.swift */ = {isa = PBXFileReference; lastKnownFileType = sourcecode.swift; path = TutorDetail.swift; sourceTree = "<group>"; };
/* End PBXFileReference section */

/* Begin PBXFrameworksBuildPhase section */
		652AB97F29CBEE1700F3BEE3 /* Frameworks */ = {
			isa = PBXFrameworksBuildPhase;
			buildActionMask = 2147483647;
			files = (
				6507FCF429EF356C0009ED96 /* FirebaseMessaging in Frameworks */,
				3BE87CE829E1FD9F00B9A95F /* GoogleSignInSwift in Frameworks */,
				6507FCE629EF356C0009ED96 /* FirebaseFirestoreSwift in Frameworks */,
				6507FCD029EF356C0009ED96 /* FirebaseAnalyticsWithoutAdIdSupport in Frameworks */,
				6507FCE829EF356C0009ED96 /* FirebaseFunctions in Frameworks */,
				3BE87CE629E1FD9F00B9A95F /* GoogleSignIn in Frameworks */,
				6507FCCA29EF356C0009ED96 /* FirebaseAnalytics in Frameworks */,
				6507FCD629EF356C0009ED96 /* FirebaseAuth in Frameworks */,
				6507FCE029EF356C0009ED96 /* FirebaseDynamicLinks in Frameworks */,
				6507FCDA29EF356C0009ED96 /* FirebaseCrashlytics in Frameworks */,
				6507FCF229EF356C0009ED96 /* FirebaseMLModelDownloader in Frameworks */,
				6507FCDE29EF356C0009ED96 /* FirebaseDatabaseSwift in Frameworks */,
				6507FCE229EF356C0009ED96 /* FirebaseFirestore in Frameworks */,
				6507FCF029EF356C0009ED96 /* FirebaseInstallations in Frameworks */,
				6507FCEA29EF356C0009ED96 /* FirebaseFunctionsCombine-Community in Frameworks */,
				6507FCE429EF356C0009ED96 /* FirebaseFirestoreCombine-Community in Frameworks */,
				6507FCDC29EF356C0009ED96 /* FirebaseDatabase in Frameworks */,
				6507FCF629EF356C0009ED96 /* FirebasePerformance in Frameworks */,
				6507FCD229EF356C0009ED96 /* FirebaseAppCheck in Frameworks */,
				6507FCCC29EF356C0009ED96 /* FirebaseAnalyticsOnDeviceConversion in Frameworks */,
				6507FCEE29EF356C0009ED96 /* FirebaseInAppMessagingSwift-Beta in Frameworks */,
				6507FCFA29EF356C0009ED96 /* FirebaseRemoteConfigSwift in Frameworks */,
				6507FCCE29EF356C0009ED96 /* FirebaseAnalyticsSwift in Frameworks */,
				6507FCD429EF356C0009ED96 /* FirebaseAppDistribution-Beta in Frameworks */,
				6507FCF829EF356C0009ED96 /* FirebaseRemoteConfig in Frameworks */,
				6507FCFC29EF356C0009ED96 /* FirebaseStorage in Frameworks */,
				6507FCD829EF356C0009ED96 /* FirebaseAuthCombine-Community in Frameworks */,
				6507FCFE29EF356C0009ED96 /* FirebaseStorageCombine-Community in Frameworks */,
				6507FCEC29EF356C0009ED96 /* FirebaseInAppMessaging-Beta in Frameworks */,
			);
			runOnlyForDeploymentPostprocessing = 0;
		};
/* End PBXFrameworksBuildPhase section */

/* Begin PBXGroup section */
		3BE87CDD29DB45A800B9A95F /* Frameworks */ = {
			isa = PBXGroup;
			children = (
			);
			name = Frameworks;
			sourceTree = "<group>";
		};
		652AB97929CBEE1700F3BEE3 = {
			isa = PBXGroup;
			children = (
				652AB98429CBEE1700F3BEE3 /* TutorHive */,
				652AB98329CBEE1700F3BEE3 /* Products */,
				3BE87CDD29DB45A800B9A95F /* Frameworks */,
			);
			sourceTree = "<group>";
		};
		652AB98329CBEE1700F3BEE3 /* Products */ = {
			isa = PBXGroup;
			children = (
				652AB98229CBEE1700F3BEE3 /* TutorHive.app */,
			);
			name = Products;
			sourceTree = "<group>";
		};
		652AB98429CBEE1700F3BEE3 /* TutorHive */ = {
			isa = PBXGroup;
			children = (
				3B82EF8929E83BFA0026715B /* GoogleService-Info.plist */,
				652AB99329CBEE2D00F3BEE3 /* Models */,
				652AB98529CBEE1700F3BEE3 /* TutorHiveApp.swift */,
				652AB98729CBEE1700F3BEE3 /* ContentView.swift */,
				652AB98929CBEE1900F3BEE3 /* Assets.xcassets */,
				652AB98B29CBEE1900F3BEE3 /* Preview Content */,
				652AB99429CBEFBE00F3BEE3 /* LoginScreen.swift */,
				652AB99629CBF05400F3BEE3 /* ProfileView.swift */,
				652AB99829CBF09600F3BEE3 /* ContactView.swift */,
				652AB99A29CBF0D200F3BEE3 /* ForgotPassword.swift */,
				652AB99C29CBF10700F3BEE3 /* TutorItem.swift */,
				652AB99E29CBF15300F3BEE3 /* SearchTutor.swift */,
				652AB9A229CBF1DF00F3BEE3 /* RegisterScreen.swift */,
				652AB9A429CBF21700F3BEE3 /* TabView.swift */,
				652AB9A629CC04D100F3BEE3 /* RegisterTutor.swift */,
				652AB9A829CCAF3400F3BEE3 /* Statistics.swift */,
				8B6318A729CE7D1B004CB348 /* TutorDetail.swift */,
				3B82EF8C29E83D7C0026715B /* Info.plist */,
				8B2946DF29EF135D006CDEB0 /* FetchWelcomeMessage.swift */,
				8B2946E129EF139F006CDEB0 /* Message.swift */,
			);
			path = TutorHive;
			sourceTree = "<group>";
		};
		652AB98B29CBEE1900F3BEE3 /* Preview Content */ = {
			isa = PBXGroup;
			children = (
				652AB98C29CBEE1900F3BEE3 /* Preview Assets.xcassets */,
			);
			path = "Preview Content";
			sourceTree = "<group>";
		};
		652AB99329CBEE2D00F3BEE3 /* Models */ = {
			isa = PBXGroup;
			children = (
				652AB9A029CBF18A00F3BEE3 /* TutorModel.swift */,
				3BE87CDB29D89F8D00B9A95F /* AuthenticationModel.swift */,
			);
			path = Models;
			sourceTree = "<group>";
		};
/* End PBXGroup section */

/* Begin PBXNativeTarget section */
		652AB98129CBEE1700F3BEE3 /* TutorHive */ = {
			isa = PBXNativeTarget;
			buildConfigurationList = 652AB99029CBEE1900F3BEE3 /* Build configuration list for PBXNativeTarget "TutorHive" */;
			buildPhases = (
				652AB97E29CBEE1700F3BEE3 /* Sources */,
				652AB97F29CBEE1700F3BEE3 /* Frameworks */,
				652AB98029CBEE1700F3BEE3 /* Resources */,
			);
			buildRules = (
			);
			dependencies = (
			);
			name = TutorHive;
			packageProductDependencies = (
				3BE87CE529E1FD9F00B9A95F /* GoogleSignIn */,
				3BE87CE729E1FD9F00B9A95F /* GoogleSignInSwift */,
				6507FCC929EF356C0009ED96 /* FirebaseAnalytics */,
				6507FCCB29EF356C0009ED96 /* FirebaseAnalyticsOnDeviceConversion */,
				6507FCCD29EF356C0009ED96 /* FirebaseAnalyticsSwift */,
				6507FCCF29EF356C0009ED96 /* FirebaseAnalyticsWithoutAdIdSupport */,
				6507FCD129EF356C0009ED96 /* FirebaseAppCheck */,
				6507FCD329EF356C0009ED96 /* FirebaseAppDistribution-Beta */,
				6507FCD529EF356C0009ED96 /* FirebaseAuth */,
				6507FCD729EF356C0009ED96 /* FirebaseAuthCombine-Community */,
				6507FCD929EF356C0009ED96 /* FirebaseCrashlytics */,
				6507FCDB29EF356C0009ED96 /* FirebaseDatabase */,
				6507FCDD29EF356C0009ED96 /* FirebaseDatabaseSwift */,
				6507FCDF29EF356C0009ED96 /* FirebaseDynamicLinks */,
				6507FCE129EF356C0009ED96 /* FirebaseFirestore */,
				6507FCE329EF356C0009ED96 /* FirebaseFirestoreCombine-Community */,
				6507FCE529EF356C0009ED96 /* FirebaseFirestoreSwift */,
				6507FCE729EF356C0009ED96 /* FirebaseFunctions */,
				6507FCE929EF356C0009ED96 /* FirebaseFunctionsCombine-Community */,
				6507FCEB29EF356C0009ED96 /* FirebaseInAppMessaging-Beta */,
				6507FCED29EF356C0009ED96 /* FirebaseInAppMessagingSwift-Beta */,
				6507FCEF29EF356C0009ED96 /* FirebaseInstallations */,
				6507FCF129EF356C0009ED96 /* FirebaseMLModelDownloader */,
				6507FCF329EF356C0009ED96 /* FirebaseMessaging */,
				6507FCF529EF356C0009ED96 /* FirebasePerformance */,
				6507FCF729EF356C0009ED96 /* FirebaseRemoteConfig */,
				6507FCF929EF356C0009ED96 /* FirebaseRemoteConfigSwift */,
				6507FCFB29EF356C0009ED96 /* FirebaseStorage */,
				6507FCFD29EF356C0009ED96 /* FirebaseStorageCombine-Community */,
			);
			productName = TutorHive;
			productReference = 652AB98229CBEE1700F3BEE3 /* TutorHive.app */;
			productType = "com.apple.product-type.application";
		};
/* End PBXNativeTarget section */

/* Begin PBXProject section */
		652AB97A29CBEE1700F3BEE3 /* Project object */ = {
			isa = PBXProject;
			attributes = {
				BuildIndependentTargetsInParallel = 1;
				LastSwiftUpdateCheck = 1400;
				LastUpgradeCheck = 1400;
				TargetAttributes = {
					652AB98129CBEE1700F3BEE3 = {
						CreatedOnToolsVersion = 14.0.1;
					};
				};
			};
			buildConfigurationList = 652AB97D29CBEE1700F3BEE3 /* Build configuration list for PBXProject "TutorHive" */;
			compatibilityVersion = "Xcode 14.0";
			developmentRegion = en;
			hasScannedForEncodings = 0;
			knownRegions = (
				en,
				Base,
			);
			mainGroup = 652AB97929CBEE1700F3BEE3;
			packageReferences = (
				3BE87CE429E1FD9F00B9A95F /* XCRemoteSwiftPackageReference "GoogleSignIn-iOS" */,
				6507FCC829EF356C0009ED96 /* XCRemoteSwiftPackageReference "firebase-ios-sdk" */,
			);
			productRefGroup = 652AB98329CBEE1700F3BEE3 /* Products */;
			projectDirPath = "";
			projectRoot = "";
			targets = (
				652AB98129CBEE1700F3BEE3 /* TutorHive */,
			);
		};
/* End PBXProject section */

/* Begin PBXResourcesBuildPhase section */
		652AB98029CBEE1700F3BEE3 /* Resources */ = {
			isa = PBXResourcesBuildPhase;
			buildActionMask = 2147483647;
			files = (
				652AB98D29CBEE1900F3BEE3 /* Preview Assets.xcassets in Resources */,
				652AB98A29CBEE1900F3BEE3 /* Assets.xcassets in Resources */,
				3B82EF8A29E83BFA0026715B /* GoogleService-Info.plist in Resources */,
			);
			runOnlyForDeploymentPostprocessing = 0;
		};
/* End PBXResourcesBuildPhase section */

/* Begin PBXSourcesBuildPhase section */
		652AB97E29CBEE1700F3BEE3 /* Sources */ = {
			isa = PBXSourcesBuildPhase;
			buildActionMask = 2147483647;
			files = (
				652AB9A529CBF21700F3BEE3 /* TabView.swift in Sources */,
				652AB9A729CC04D100F3BEE3 /* RegisterTutor.swift in Sources */,
				652AB9A329CBF1DF00F3BEE3 /* RegisterScreen.swift in Sources */,
				8B2946E229EF139F006CDEB0 /* Message.swift in Sources */,
				652AB9A129CBF18A00F3BEE3 /* TutorModel.swift in Sources */,
				652AB99F29CBF15300F3BEE3 /* SearchTutor.swift in Sources */,
				652AB9A929CCAF3400F3BEE3 /* Statistics.swift in Sources */,
				3BE87CDC29D89F8D00B9A95F /* AuthenticationModel.swift in Sources */,
				652AB99729CBF05400F3BEE3 /* ProfileView.swift in Sources */,
				8B6318A829CE7D1B004CB348 /* TutorDetail.swift in Sources */,
				652AB98829CBEE1700F3BEE3 /* ContentView.swift in Sources */,
				652AB98629CBEE1700F3BEE3 /* TutorHiveApp.swift in Sources */,
				652AB99929CBF09600F3BEE3 /* ContactView.swift in Sources */,
				652AB99529CBEFBE00F3BEE3 /* LoginScreen.swift in Sources */,
				652AB99D29CBF10700F3BEE3 /* TutorItem.swift in Sources */,
				652AB99B29CBF0D200F3BEE3 /* ForgotPassword.swift in Sources */,
				8B2946E029EF135D006CDEB0 /* FetchWelcomeMessage.swift in Sources */,
			);
			runOnlyForDeploymentPostprocessing = 0;
		};
/* End PBXSourcesBuildPhase section */

/* Begin XCBuildConfiguration section */
		652AB98E29CBEE1900F3BEE3 /* Debug */ = {
			isa = XCBuildConfiguration;
			buildSettings = {
				ALWAYS_SEARCH_USER_PATHS = NO;
				CLANG_ANALYZER_NONNULL = YES;
				CLANG_ANALYZER_NUMBER_OBJECT_CONVERSION = YES_AGGRESSIVE;
				CLANG_CXX_LANGUAGE_STANDARD = "gnu++20";
				CLANG_ENABLE_MODULES = YES;
				CLANG_ENABLE_OBJC_ARC = YES;
				CLANG_ENABLE_OBJC_WEAK = YES;
				CLANG_WARN_BLOCK_CAPTURE_AUTORELEASING = YES;
				CLANG_WARN_BOOL_CONVERSION = YES;
				CLANG_WARN_COMMA = YES;
				CLANG_WARN_CONSTANT_CONVERSION = YES;
				CLANG_WARN_DEPRECATED_OBJC_IMPLEMENTATIONS = YES;
				CLANG_WARN_DIRECT_OBJC_ISA_USAGE = YES_ERROR;
				CLANG_WARN_DOCUMENTATION_COMMENTS = YES;
				CLANG_WARN_EMPTY_BODY = YES;
				CLANG_WARN_ENUM_CONVERSION = YES;
				CLANG_WARN_INFINITE_RECURSION = YES;
				CLANG_WARN_INT_CONVERSION = YES;
				CLANG_WARN_NON_LITERAL_NULL_CONVERSION = YES;
				CLANG_WARN_OBJC_IMPLICIT_RETAIN_SELF = YES;
				CLANG_WARN_OBJC_LITERAL_CONVERSION = YES;
				CLANG_WARN_OBJC_ROOT_CLASS = YES_ERROR;
				CLANG_WARN_QUOTED_INCLUDE_IN_FRAMEWORK_HEADER = YES;
				CLANG_WARN_RANGE_LOOP_ANALYSIS = YES;
				CLANG_WARN_STRICT_PROTOTYPES = YES;
				CLANG_WARN_SUSPICIOUS_MOVE = YES;
				CLANG_WARN_UNGUARDED_AVAILABILITY = YES_AGGRESSIVE;
				CLANG_WARN_UNREACHABLE_CODE = YES;
				CLANG_WARN__DUPLICATE_METHOD_MATCH = YES;
				COPY_PHASE_STRIP = NO;
				DEBUG_INFORMATION_FORMAT = dwarf;
				ENABLE_STRICT_OBJC_MSGSEND = YES;
				ENABLE_TESTABILITY = YES;
				GCC_C_LANGUAGE_STANDARD = gnu11;
				GCC_DYNAMIC_NO_PIC = NO;
				GCC_NO_COMMON_BLOCKS = YES;
				GCC_OPTIMIZATION_LEVEL = 0;
				GCC_PREPROCESSOR_DEFINITIONS = (
					"DEBUG=1",
					"$(inherited)",
				);
				GCC_WARN_64_TO_32_BIT_CONVERSION = YES;
				GCC_WARN_ABOUT_RETURN_TYPE = YES_ERROR;
				GCC_WARN_UNDECLARED_SELECTOR = YES;
				GCC_WARN_UNINITIALIZED_AUTOS = YES_AGGRESSIVE;
				GCC_WARN_UNUSED_FUNCTION = YES;
				GCC_WARN_UNUSED_VARIABLE = YES;
				IPHONEOS_DEPLOYMENT_TARGET = 16.0;
				MTL_ENABLE_DEBUG_INFO = INCLUDE_SOURCE;
				MTL_FAST_MATH = YES;
				ONLY_ACTIVE_ARCH = YES;
				SDKROOT = iphoneos;
				SWIFT_ACTIVE_COMPILATION_CONDITIONS = DEBUG;
				SWIFT_OPTIMIZATION_LEVEL = "-Onone";
			};
			name = Debug;
		};
		652AB98F29CBEE1900F3BEE3 /* Release */ = {
			isa = XCBuildConfiguration;
			buildSettings = {
				ALWAYS_SEARCH_USER_PATHS = NO;
				CLANG_ANALYZER_NONNULL = YES;
				CLANG_ANALYZER_NUMBER_OBJECT_CONVERSION = YES_AGGRESSIVE;
				CLANG_CXX_LANGUAGE_STANDARD = "gnu++20";
				CLANG_ENABLE_MODULES = YES;
				CLANG_ENABLE_OBJC_ARC = YES;
				CLANG_ENABLE_OBJC_WEAK = YES;
				CLANG_WARN_BLOCK_CAPTURE_AUTORELEASING = YES;
				CLANG_WARN_BOOL_CONVERSION = YES;
				CLANG_WARN_COMMA = YES;
				CLANG_WARN_CONSTANT_CONVERSION = YES;
				CLANG_WARN_DEPRECATED_OBJC_IMPLEMENTATIONS = YES;
				CLANG_WARN_DIRECT_OBJC_ISA_USAGE = YES_ERROR;
				CLANG_WARN_DOCUMENTATION_COMMENTS = YES;
				CLANG_WARN_EMPTY_BODY = YES;
				CLANG_WARN_ENUM_CONVERSION = YES;
				CLANG_WARN_INFINITE_RECURSION = YES;
				CLANG_WARN_INT_CONVERSION = YES;
				CLANG_WARN_NON_LITERAL_NULL_CONVERSION = YES;
				CLANG_WARN_OBJC_IMPLICIT_RETAIN_SELF = YES;
				CLANG_WARN_OBJC_LITERAL_CONVERSION = YES;
				CLANG_WARN_OBJC_ROOT_CLASS = YES_ERROR;
				CLANG_WARN_QUOTED_INCLUDE_IN_FRAMEWORK_HEADER = YES;
				CLANG_WARN_RANGE_LOOP_ANALYSIS = YES;
				CLANG_WARN_STRICT_PROTOTYPES = YES;
				CLANG_WARN_SUSPICIOUS_MOVE = YES;
				CLANG_WARN_UNGUARDED_AVAILABILITY = YES_AGGRESSIVE;
				CLANG_WARN_UNREACHABLE_CODE = YES;
				CLANG_WARN__DUPLICATE_METHOD_MATCH = YES;
				COPY_PHASE_STRIP = NO;
				DEBUG_INFORMATION_FORMAT = "dwarf-with-dsym";
				ENABLE_NS_ASSERTIONS = NO;
				ENABLE_STRICT_OBJC_MSGSEND = YES;
				GCC_C_LANGUAGE_STANDARD = gnu11;
				GCC_NO_COMMON_BLOCKS = YES;
				GCC_WARN_64_TO_32_BIT_CONVERSION = YES;
				GCC_WARN_ABOUT_RETURN_TYPE = YES_ERROR;
				GCC_WARN_UNDECLARED_SELECTOR = YES;
				GCC_WARN_UNINITIALIZED_AUTOS = YES_AGGRESSIVE;
				GCC_WARN_UNUSED_FUNCTION = YES;
				GCC_WARN_UNUSED_VARIABLE = YES;
				IPHONEOS_DEPLOYMENT_TARGET = 16.0;
				MTL_ENABLE_DEBUG_INFO = NO;
				MTL_FAST_MATH = YES;
				SDKROOT = iphoneos;
				SWIFT_COMPILATION_MODE = wholemodule;
				SWIFT_OPTIMIZATION_LEVEL = "-O";
				VALIDATE_PRODUCT = YES;
			};
			name = Release;
		};
		652AB99129CBEE1900F3BEE3 /* Debug */ = {
			isa = XCBuildConfiguration;
			buildSettings = {
				ASSETCATALOG_COMPILER_APPICON_NAME = AppIcon;
				ASSETCATALOG_COMPILER_GLOBAL_ACCENT_COLOR_NAME = AccentColor;
				CODE_SIGN_STYLE = Automatic;
				CURRENT_PROJECT_VERSION = 1;
				DEVELOPMENT_ASSET_PATHS = "\"TutorHive/Preview Content\"";
				DEVELOPMENT_TEAM = VDQS4882Z8;
				ENABLE_PREVIEWS = YES;
				GENERATE_INFOPLIST_FILE = YES;
				INFOPLIST_FILE = TutorHive/Info.plist;
				INFOPLIST_KEY_UIApplicationSceneManifest_Generation = YES;
				INFOPLIST_KEY_UIApplicationSupportsIndirectInputEvents = YES;
				INFOPLIST_KEY_UILaunchScreen_Generation = YES;
				INFOPLIST_KEY_UISupportedInterfaceOrientations_iPad = "UIInterfaceOrientationPortrait UIInterfaceOrientationPortraitUpsideDown UIInterfaceOrientationLandscapeLeft UIInterfaceOrientationLandscapeRight";
				INFOPLIST_KEY_UISupportedInterfaceOrientations_iPhone = "UIInterfaceOrientationPortrait UIInterfaceOrientationLandscapeLeft UIInterfaceOrientationLandscapeRight";
				LD_RUNPATH_SEARCH_PATHS = (
					"$(inherited)",
					"@executable_path/Frameworks",
				);
				MARKETING_VERSION = 1.0;
				PRODUCT_BUNDLE_IDENTIFIER = com.rodrigo.TutorHive;
				PRODUCT_NAME = "$(TARGET_NAME)";
				SWIFT_EMIT_LOC_STRINGS = YES;
				SWIFT_VERSION = 5.0;
				TARGETED_DEVICE_FAMILY = "1,2";
			};
			name = Debug;
		};
		652AB99229CBEE1900F3BEE3 /* Release */ = {
			isa = XCBuildConfiguration;
			buildSettings = {
				ASSETCATALOG_COMPILER_APPICON_NAME = AppIcon;
				ASSETCATALOG_COMPILER_GLOBAL_ACCENT_COLOR_NAME = AccentColor;
				CODE_SIGN_STYLE = Automatic;
				CURRENT_PROJECT_VERSION = 1;
				DEVELOPMENT_ASSET_PATHS = "\"TutorHive/Preview Content\"";
				DEVELOPMENT_TEAM = VDQS4882Z8;
				ENABLE_PREVIEWS = YES;
				GENERATE_INFOPLIST_FILE = YES;
				INFOPLIST_FILE = TutorHive/Info.plist;
				INFOPLIST_KEY_UIApplicationSceneManifest_Generation = YES;
				INFOPLIST_KEY_UIApplicationSupportsIndirectInputEvents = YES;
				INFOPLIST_KEY_UILaunchScreen_Generation = YES;
				INFOPLIST_KEY_UISupportedInterfaceOrientations_iPad = "UIInterfaceOrientationPortrait UIInterfaceOrientationPortraitUpsideDown UIInterfaceOrientationLandscapeLeft UIInterfaceOrientationLandscapeRight";
				INFOPLIST_KEY_UISupportedInterfaceOrientations_iPhone = "UIInterfaceOrientationPortrait UIInterfaceOrientationLandscapeLeft UIInterfaceOrientationLandscapeRight";
				LD_RUNPATH_SEARCH_PATHS = (
					"$(inherited)",
					"@executable_path/Frameworks",
				);
				MARKETING_VERSION = 1.0;
				PRODUCT_BUNDLE_IDENTIFIER = com.rodrigo.TutorHive;
				PRODUCT_NAME = "$(TARGET_NAME)";
				SWIFT_EMIT_LOC_STRINGS = YES;
				SWIFT_VERSION = 5.0;
				TARGETED_DEVICE_FAMILY = "1,2";
			};
			name = Release;
		};
/* End XCBuildConfiguration section */

/* Begin XCConfigurationList section */
		652AB97D29CBEE1700F3BEE3 /* Build configuration list for PBXProject "TutorHive" */ = {
			isa = XCConfigurationList;
			buildConfigurations = (
				652AB98E29CBEE1900F3BEE3 /* Debug */,
				652AB98F29CBEE1900F3BEE3 /* Release */,
			);
			defaultConfigurationIsVisible = 0;
			defaultConfigurationName = Release;
		};
		652AB99029CBEE1900F3BEE3 /* Build configuration list for PBXNativeTarget "TutorHive" */ = {
			isa = XCConfigurationList;
			buildConfigurations = (
				652AB99129CBEE1900F3BEE3 /* Debug */,
				652AB99229CBEE1900F3BEE3 /* Release */,
			);
			defaultConfigurationIsVisible = 0;
			defaultConfigurationName = Release;
		};
/* End XCConfigurationList section */

/* Begin XCRemoteSwiftPackageReference section */
		3BE87CE429E1FD9F00B9A95F /* XCRemoteSwiftPackageReference "GoogleSignIn-iOS" */ = {
			isa = XCRemoteSwiftPackageReference;
			repositoryURL = "https://github.com/google/GoogleSignIn-iOS";
			requirement = {
				kind = upToNextMajorVersion;
				minimumVersion = 7.0.0;
			};
		};
		6507FCC829EF356C0009ED96 /* XCRemoteSwiftPackageReference "firebase-ios-sdk" */ = {
			isa = XCRemoteSwiftPackageReference;
			repositoryURL = "https://github.com/firebase/firebase-ios-sdk";
			requirement = {
				kind = upToNextMajorVersion;
				minimumVersion = 9.0.0;
			};
		};
/* End XCRemoteSwiftPackageReference section */

/* Begin XCSwiftPackageProductDependency section */
		3BE87CE529E1FD9F00B9A95F /* GoogleSignIn */ = {
			isa = XCSwiftPackageProductDependency;
			package = 3BE87CE429E1FD9F00B9A95F /* XCRemoteSwiftPackageReference "GoogleSignIn-iOS" */;
			productName = GoogleSignIn;
		};
		3BE87CE729E1FD9F00B9A95F /* GoogleSignInSwift */ = {
			isa = XCSwiftPackageProductDependency;
			package = 3BE87CE429E1FD9F00B9A95F /* XCRemoteSwiftPackageReference "GoogleSignIn-iOS" */;
			productName = GoogleSignInSwift;
		};
		6507FCC929EF356C0009ED96 /* FirebaseAnalytics */ = {
			isa = XCSwiftPackageProductDependency;
			package = 6507FCC829EF356C0009ED96 /* XCRemoteSwiftPackageReference "firebase-ios-sdk" */;
			productName = FirebaseAnalytics;
		};
		6507FCCB29EF356C0009ED96 /* FirebaseAnalyticsOnDeviceConversion */ = {
			isa = XCSwiftPackageProductDependency;
			package = 6507FCC829EF356C0009ED96 /* XCRemoteSwiftPackageReference "firebase-ios-sdk" */;
			productName = FirebaseAnalyticsOnDeviceConversion;
		};
		6507FCCD29EF356C0009ED96 /* FirebaseAnalyticsSwift */ = {
			isa = XCSwiftPackageProductDependency;
			package = 6507FCC829EF356C0009ED96 /* XCRemoteSwiftPackageReference "firebase-ios-sdk" */;
			productName = FirebaseAnalyticsSwift;
		};
		6507FCCF29EF356C0009ED96 /* FirebaseAnalyticsWithoutAdIdSupport */ = {
			isa = XCSwiftPackageProductDependency;
			package = 6507FCC829EF356C0009ED96 /* XCRemoteSwiftPackageReference "firebase-ios-sdk" */;
			productName = FirebaseAnalyticsWithoutAdIdSupport;
		};
		6507FCD129EF356C0009ED96 /* FirebaseAppCheck */ = {
			isa = XCSwiftPackageProductDependency;
			package = 6507FCC829EF356C0009ED96 /* XCRemoteSwiftPackageReference "firebase-ios-sdk" */;
			productName = FirebaseAppCheck;
		};
		6507FCD329EF356C0009ED96 /* FirebaseAppDistribution-Beta */ = {
			isa = XCSwiftPackageProductDependency;
			package = 6507FCC829EF356C0009ED96 /* XCRemoteSwiftPackageReference "firebase-ios-sdk" */;
			productName = "FirebaseAppDistribution-Beta";
		};
		6507FCD529EF356C0009ED96 /* FirebaseAuth */ = {
			isa = XCSwiftPackageProductDependency;
			package = 6507FCC829EF356C0009ED96 /* XCRemoteSwiftPackageReference "firebase-ios-sdk" */;
			productName = FirebaseAuth;
		};
		6507FCD729EF356C0009ED96 /* FirebaseAuthCombine-Community */ = {
			isa = XCSwiftPackageProductDependency;
			package = 6507FCC829EF356C0009ED96 /* XCRemoteSwiftPackageReference "firebase-ios-sdk" */;
			productName = "FirebaseAuthCombine-Community";
		};
		6507FCD929EF356C0009ED96 /* FirebaseCrashlytics */ = {
			isa = XCSwiftPackageProductDependency;
			package = 6507FCC829EF356C0009ED96 /* XCRemoteSwiftPackageReference "firebase-ios-sdk" */;
			productName = FirebaseCrashlytics;
		};
		6507FCDB29EF356C0009ED96 /* FirebaseDatabase */ = {
			isa = XCSwiftPackageProductDependency;
			package = 6507FCC829EF356C0009ED96 /* XCRemoteSwiftPackageReference "firebase-ios-sdk" */;
			productName = FirebaseDatabase;
		};
		6507FCDD29EF356C0009ED96 /* FirebaseDatabaseSwift */ = {
			isa = XCSwiftPackageProductDependency;
			package = 6507FCC829EF356C0009ED96 /* XCRemoteSwiftPackageReference "firebase-ios-sdk" */;
			productName = FirebaseDatabaseSwift;
		};
		6507FCDF29EF356C0009ED96 /* FirebaseDynamicLinks */ = {
			isa = XCSwiftPackageProductDependency;
			package = 6507FCC829EF356C0009ED96 /* XCRemoteSwiftPackageReference "firebase-ios-sdk" */;
			productName = FirebaseDynamicLinks;
		};
		6507FCE129EF356C0009ED96 /* FirebaseFirestore */ = {
			isa = XCSwiftPackageProductDependency;
			package = 6507FCC829EF356C0009ED96 /* XCRemoteSwiftPackageReference "firebase-ios-sdk" */;
			productName = FirebaseFirestore;
		};
		6507FCE329EF356C0009ED96 /* FirebaseFirestoreCombine-Community */ = {
			isa = XCSwiftPackageProductDependency;
			package = 6507FCC829EF356C0009ED96 /* XCRemoteSwiftPackageReference "firebase-ios-sdk" */;
			productName = "FirebaseFirestoreCombine-Community";
		};
		6507FCE529EF356C0009ED96 /* FirebaseFirestoreSwift */ = {
			isa = XCSwiftPackageProductDependency;
			package = 6507FCC829EF356C0009ED96 /* XCRemoteSwiftPackageReference "firebase-ios-sdk" */;
			productName = FirebaseFirestoreSwift;
		};
		6507FCE729EF356C0009ED96 /* FirebaseFunctions */ = {
			isa = XCSwiftPackageProductDependency;
			package = 6507FCC829EF356C0009ED96 /* XCRemoteSwiftPackageReference "firebase-ios-sdk" */;
			productName = FirebaseFunctions;
		};
		6507FCE929EF356C0009ED96 /* FirebaseFunctionsCombine-Community */ = {
			isa = XCSwiftPackageProductDependency;
			package = 6507FCC829EF356C0009ED96 /* XCRemoteSwiftPackageReference "firebase-ios-sdk" */;
			productName = "FirebaseFunctionsCombine-Community";
		};
		6507FCEB29EF356C0009ED96 /* FirebaseInAppMessaging-Beta */ = {
			isa = XCSwiftPackageProductDependency;
			package = 6507FCC829EF356C0009ED96 /* XCRemoteSwiftPackageReference "firebase-ios-sdk" */;
			productName = "FirebaseInAppMessaging-Beta";
		};
		6507FCED29EF356C0009ED96 /* FirebaseInAppMessagingSwift-Beta */ = {
			isa = XCSwiftPackageProductDependency;
			package = 6507FCC829EF356C0009ED96 /* XCRemoteSwiftPackageReference "firebase-ios-sdk" */;
			productName = "FirebaseInAppMessagingSwift-Beta";
		};
		6507FCEF29EF356C0009ED96 /* FirebaseInstallations */ = {
			isa = XCSwiftPackageProductDependency;
			package = 6507FCC829EF356C0009ED96 /* XCRemoteSwiftPackageReference "firebase-ios-sdk" */;
			productName = FirebaseInstallations;
		};
		6507FCF129EF356C0009ED96 /* FirebaseMLModelDownloader */ = {
			isa = XCSwiftPackageProductDependency;
			package = 6507FCC829EF356C0009ED96 /* XCRemoteSwiftPackageReference "firebase-ios-sdk" */;
			productName = FirebaseMLModelDownloader;
		};
		6507FCF329EF356C0009ED96 /* FirebaseMessaging */ = {
			isa = XCSwiftPackageProductDependency;
			package = 6507FCC829EF356C0009ED96 /* XCRemoteSwiftPackageReference "firebase-ios-sdk" */;
			productName = FirebaseMessaging;
		};
		6507FCF529EF356C0009ED96 /* FirebasePerformance */ = {
			isa = XCSwiftPackageProductDependency;
			package = 6507FCC829EF356C0009ED96 /* XCRemoteSwiftPackageReference "firebase-ios-sdk" */;
			productName = FirebasePerformance;
		};
		6507FCF729EF356C0009ED96 /* FirebaseRemoteConfig */ = {
			isa = XCSwiftPackageProductDependency;
			package = 6507FCC829EF356C0009ED96 /* XCRemoteSwiftPackageReference "firebase-ios-sdk" */;
			productName = FirebaseRemoteConfig;
		};
		6507FCF929EF356C0009ED96 /* FirebaseRemoteConfigSwift */ = {
			isa = XCSwiftPackageProductDependency;
			package = 6507FCC829EF356C0009ED96 /* XCRemoteSwiftPackageReference "firebase-ios-sdk" */;
			productName = FirebaseRemoteConfigSwift;
		};
		6507FCFB29EF356C0009ED96 /* FirebaseStorage */ = {
			isa = XCSwiftPackageProductDependency;
			package = 6507FCC829EF356C0009ED96 /* XCRemoteSwiftPackageReference "firebase-ios-sdk" */;
			productName = FirebaseStorage;
		};
		6507FCFD29EF356C0009ED96 /* FirebaseStorageCombine-Community */ = {
			isa = XCSwiftPackageProductDependency;
			package = 6507FCC829EF356C0009ED96 /* XCRemoteSwiftPackageReference "firebase-ios-sdk" */;
			productName = "FirebaseStorageCombine-Community";
		};
/* End XCSwiftPackageProductDependency section */
	};
	rootObject = 652AB97A29CBEE1700F3BEE3 /* Project object */;
}
